
Microsoft Visual Studio Solution File, Format Version 12.00
# Visual Studio 15
VisualStudioVersion = 15.0.28307.168
MinimumVisualStudioVersion = 10.0.40219.1
Project("{FAE04EC0-301F-11D3-BF4B-00C04F79EFBC}") = "Nodarbiba5", "Nodarbiba5\Nodarbiba5.csproj", "{D7ED712C-FF54-4300-9B0B-0925BB8A3B25}"
EndProject
Global
	GlobalSection(SolutionConfigurationPlatforms) = preSolution
		Debug|Any CPU = Debug|Any CPU
		Release|Any CPU = Release|Any CPU
	EndGlobalSection
	GlobalSection(ProjectConfigurationPlatforms) = postSolution
		{D7ED712C-FF54-4300-9B0B-0925BB8A3B25}.Debug|Any CPU.ActiveCfg = Debug|Any CPU
		{D7ED712C-FF54-4300-9B0B-0925BB8A3B25}.Debug|Any CPU.Build.0 = Debug|Any CPU
		{D7ED712C-FF54-4300-9B0B-0925BB8A3B25}.Release|Any CPU.ActiveCfg = Release|Any CPU
		{D7ED712C-FF54-4300-9B0B-0925BB8A3B25}.Release|Any CPU.Build.0 = Release|Any CPU
	EndGlobalSection
	GlobalSection(SolutionProperties) = preSolution
		HideSolutionNode = FALSE
	EndGlobalSection
	GlobalSection(ExtensibilityGlobals) = postSolution
		SolutionGuid = {B57193F5-DE95-4897-8F81-9D30C2C69D12}
	EndGlobalSection
EndGlobal
