
Microsoft Visual Studio Solution File, Format Version 12.00
# Visual Studio 15
VisualStudioVersion = 15.0.28307.168
MinimumVisualStudioVersion = 10.0.40219.1
Project("{FAE04EC0-301F-11D3-BF4B-00C04F79EFBC}") = "Nodarbiba1", "Nodarbiba1\Nodarbiba1.csproj", "{09A4C349-A7B8-4790-BDE9-7B64F0E5A0FF}"
EndProject
Global
	GlobalSection(SolutionConfigurationPlatforms) = preSolution
		Debug|Any CPU = Debug|Any CPU
		Release|Any CPU = Release|Any CPU
	EndGlobalSection
	GlobalSection(ProjectConfigurationPlatforms) = postSolution
		{09A4C349-A7B8-4790-BDE9-7B64F0E5A0FF}.Debug|Any CPU.ActiveCfg = Debug|Any CPU
		{09A4C349-A7B8-4790-BDE9-7B64F0E5A0FF}.Debug|Any CPU.Build.0 = Debug|Any CPU
		{09A4C349-A7B8-4790-BDE9-7B64F0E5A0FF}.Release|Any CPU.ActiveCfg = Release|Any CPU
		{09A4C349-A7B8-4790-BDE9-7B64F0E5A0FF}.Release|Any CPU.Build.0 = Release|Any CPU
	EndGlobalSection
	GlobalSection(SolutionProperties) = preSolution
		HideSolutionNode = FALSE
	EndGlobalSection
	GlobalSection(ExtensibilityGlobals) = postSolution
		SolutionGuid = {7DF59B25-6E0A-403F-BDCB-CF5E54BFFBFD}
	EndGlobalSection
EndGlobal
